// !$*UTF8*$!
{
	archiveVersion = 1;
	classes = {
	};
	objectVersion = 50;
	objects = {

/* Begin PBXBuildFile section */
		3C4E329927A971B100505AFD /* LandmarksApp.swift in Sources */ = {isa = PBXBuildFile; fileRef = 3C4E329827A971B100505AFD /* LandmarksApp.swift */; };
		3C4E329B27A971B100505AFD /* ContentView.swift in Sources */ = {isa = PBXBuildFile; fileRef = 3C4E329A27A971B100505AFD /* ContentView.swift */; };
		3C4E329D27A971BA00505AFD /* Assets.xcassets in Resources */ = {isa = PBXBuildFile; fileRef = 3C4E329C27A971BA00505AFD /* Assets.xcassets */; };
		3C4E32A027A971BA00505AFD /* Preview Assets.xcassets in Resources */ = {isa = PBXBuildFile; fileRef = 3C4E329F27A971BA00505AFD /* Preview Assets.xcassets */; };
		3C4E32AB27A971BA00505AFD /* LandmarksTests.swift in Sources */ = {isa = PBXBuildFile; fileRef = 3C4E32AA27A971BA00505AFD /* LandmarksTests.swift */; };
		3C4E32B627A971BA00505AFD /* LandmarksUITests.swift in Sources */ = {isa = PBXBuildFile; fileRef = 3C4E32B527A971BA00505AFD /* LandmarksUITests.swift */; };
		3C4E32CF27AC04AF00505AFD /* CircleImage.swift in Sources */ = {isa = PBXBuildFile; fileRef = 3C4E32CE27AC04AF00505AFD /* CircleImage.swift */; };
		3C4E32D427AC077F00505AFD /* MapView.swift in Sources */ = {isa = PBXBuildFile; fileRef = 3C4E32D327AC077F00505AFD /* MapView.swift */; };
		3CAE13D527B13925000DD84D /* FavoriteButton.swift in Sources */ = {isa = PBXBuildFile; fileRef = 3CAE13D427B13925000DD84D /* FavoriteButton.swift */; };
		3CB74EAF27B281EB009E3B98 /* CategoryHome.swift in Sources */ = {isa = PBXBuildFile; fileRef = 3CB74EAE27B281EB009E3B98 /* CategoryHome.swift */; };
		3CB74EB427B28624009E3B98 /* CategoryRow.swift in Sources */ = {isa = PBXBuildFile; fileRef = 3CB74EB327B28624009E3B98 /* CategoryRow.swift */; };
		3CB74EB927B286D3009E3B98 /* CategoryItem.swift in Sources */ = {isa = PBXBuildFile; fileRef = 3CB74EB827B286D3009E3B98 /* CategoryItem.swift */; };
		3CBA6EF627AD42EF00FC228A /* landmarkData.json in Resources */ = {isa = PBXBuildFile; fileRef = 3CBA6EF527AD42EF00FC228A /* landmarkData.json */; };
		3CBA6F1727AD50D800FC228A /* LandmarkRow.swift in Sources */ = {isa = PBXBuildFile; fileRef = 3CBA6F1627AD50D800FC228A /* LandmarkRow.swift */; };
		3CBA6F1D27AD64D000FC228A /* ModelData.swift in Sources */ = {isa = PBXBuildFile; fileRef = 3CBA6F1B27AD64D000FC228A /* ModelData.swift */; };
		3CBA6F1E27AD64D000FC228A /* Landmark.swift in Sources */ = {isa = PBXBuildFile; fileRef = 3CBA6F1C27AD64D000FC228A /* Landmark.swift */; };
		3CBA6F2627AD658600FC228A /* LandmarkList.swift in Sources */ = {isa = PBXBuildFile; fileRef = 3CBA6F2527AD658600FC228A /* LandmarkList.swift */; };
		3CBA6F2B27AD669900FC228A /* LandmarkDetail.swift in Sources */ = {isa = PBXBuildFile; fileRef = 3CBA6F2A27AD669900FC228A /* LandmarkDetail.swift */; };
/* End PBXBuildFile section */

/* Begin PBXContainerItemProxy section */
		3C4E32A727A971BA00505AFD /* PBXContainerItemProxy */ = {
			isa = PBXContainerItemProxy;
			containerPortal = 3C4E328D27A971B100505AFD /* Project object */;
			proxyType = 1;
			remoteGlobalIDString = 3C4E329427A971B100505AFD;
			remoteInfo = Landmarks;
		};
		3C4E32B227A971BA00505AFD /* PBXContainerItemProxy */ = {
			isa = PBXContainerItemProxy;
			containerPortal = 3C4E328D27A971B100505AFD /* Project object */;
			proxyType = 1;
			remoteGlobalIDString = 3C4E329427A971B100505AFD;
			remoteInfo = Landmarks;
		};
/* End PBXContainerItemProxy section */

/* Begin PBXFileReference section */
		3C4E329527A971B100505AFD /* Landmarks.app */ = {isa = PBXFileReference; explicitFileType = wrapper.application; includeInIndex = 0; path = Landmarks.app; sourceTree = BUILT_PRODUCTS_DIR; };
		3C4E329827A971B100505AFD /* LandmarksApp.swift */ = {isa = PBXFileReference; lastKnownFileType = sourcecode.swift; path = LandmarksApp.swift; sourceTree = "<group>"; };
		3C4E329A27A971B100505AFD /* ContentView.swift */ = {isa = PBXFileReference; lastKnownFileType = sourcecode.swift; path = ContentView.swift; sourceTree = "<group>"; };
		3C4E329C27A971BA00505AFD /* Assets.xcassets */ = {isa = PBXFileReference; lastKnownFileType = folder.assetcatalog; path = Assets.xcassets; sourceTree = "<group>"; };
		3C4E329F27A971BA00505AFD /* Preview Assets.xcassets */ = {isa = PBXFileReference; lastKnownFileType = folder.assetcatalog; path = "Preview Assets.xcassets"; sourceTree = "<group>"; };
		3C4E32A127A971BA00505AFD /* Info.plist */ = {isa = PBXFileReference; lastKnownFileType = text.plist.xml; path = Info.plist; sourceTree = "<group>"; };
		3C4E32A627A971BA00505AFD /* LandmarksTests.xctest */ = {isa = PBXFileReference; explicitFileType = wrapper.cfbundle; includeInIndex = 0; path = LandmarksTests.xctest; sourceTree = BUILT_PRODUCTS_DIR; };
		3C4E32AA27A971BA00505AFD /* LandmarksTests.swift */ = {isa = PBXFileReference; lastKnownFileType = sourcecode.swift; path = LandmarksTests.swift; sourceTree = "<group>"; };
		3C4E32AC27A971BA00505AFD /* Info.plist */ = {isa = PBXFileReference; lastKnownFileType = text.plist.xml; path = Info.plist; sourceTree = "<group>"; };
		3C4E32B127A971BA00505AFD /* LandmarksUITests.xctest */ = {isa = PBXFileReference; explicitFileType = wrapper.cfbundle; includeInIndex = 0; path = LandmarksUITests.xctest; sourceTree = BUILT_PRODUCTS_DIR; };
		3C4E32B527A971BA00505AFD /* LandmarksUITests.swift */ = {isa = PBXFileReference; lastKnownFileType = sourcecode.swift; path = LandmarksUITests.swift; sourceTree = "<group>"; };
		3C4E32B727A971BA00505AFD /* Info.plist */ = {isa = PBXFileReference; lastKnownFileType = text.plist.xml; path = Info.plist; sourceTree = "<group>"; };
		3C4E32CE27AC04AF00505AFD /* CircleImage.swift */ = {isa = PBXFileReference; lastKnownFileType = sourcecode.swift; path = CircleImage.swift; sourceTree = "<group>"; };
		3C4E32D327AC077F00505AFD /* MapView.swift */ = {isa = PBXFileReference; lastKnownFileType = sourcecode.swift; path = MapView.swift; sourceTree = "<group>"; };
		3CAE13D427B13925000DD84D /* FavoriteButton.swift */ = {isa = PBXFileReference; lastKnownFileType = sourcecode.swift; path = FavoriteButton.swift; sourceTree = "<group>"; };
		3CB74EAE27B281EB009E3B98 /* CategoryHome.swift */ = {isa = PBXFileReference; lastKnownFileType = sourcecode.swift; path = CategoryHome.swift; sourceTree = "<group>"; };
		3CB74EB327B28624009E3B98 /* CategoryRow.swift */ = {isa = PBXFileReference; lastKnownFileType = sourcecode.swift; path = CategoryRow.swift; sourceTree = "<group>"; };
		3CB74EB827B286D3009E3B98 /* CategoryItem.swift */ = {isa = PBXFileReference; lastKnownFileType = sourcecode.swift; path = CategoryItem.swift; sourceTree = "<group>"; };
		3CBA6EF527AD42EF00FC228A /* landmarkData.json */ = {isa = PBXFileReference; fileEncoding = 4; lastKnownFileType = text.json; name = landmarkData.json; path = ../../../../Downloads/BuildingListsAndNavigation/Resources/landmarkData.json; sourceTree = "<group>"; };
		3CBA6F0A27AD465C00FC228A /* landmarkData.json */ = {isa = PBXFileReference; lastKnownFileType = text.json; path = landmarkData.json; sourceTree = "<group>"; };
		3CBA6F1627AD50D800FC228A /* LandmarkRow.swift */ = {isa = PBXFileReference; lastKnownFileType = sourcecode.swift; path = LandmarkRow.swift; sourceTree = "<group>"; };
		3CBA6F1B27AD64D000FC228A /* ModelData.swift */ = {isa = PBXFileReference; fileEncoding = 4; lastKnownFileType = sourcecode.swift; name = ModelData.swift; path = ../../../../../Downloads/BuildingListsAndNavigation/Complete/Landmarks/Model/ModelData.swift; sourceTree = "<group>"; };
		3CBA6F1C27AD64D000FC228A /* Landmark.swift */ = {isa = PBXFileReference; fileEncoding = 4; lastKnownFileType = sourcecode.swift; name = Landmark.swift; path = ../../../../../Downloads/BuildingListsAndNavigation/Complete/Landmarks/Model/Landmark.swift; sourceTree = "<group>"; };
		3CBA6F2527AD658600FC228A /* LandmarkList.swift */ = {isa = PBXFileReference; lastKnownFileType = sourcecode.swift; path = LandmarkList.swift; sourceTree = "<group>"; };
		3CBA6F2A27AD669900FC228A /* LandmarkDetail.swift */ = {isa = PBXFileReference; lastKnownFileType = sourcecode.swift; path = LandmarkDetail.swift; sourceTree = "<group>"; };
/* End PBXFileReference section */

/* Begin PBXFrameworksBuildPhase section */
		3C4E329227A971B100505AFD /* Frameworks */ = {
			isa = PBXFrameworksBuildPhase;
			buildActionMask = 2147483647;
			files = (
			);
			runOnlyForDeploymentPostprocessing = 0;
		};
		3C4E32A327A971BA00505AFD /* Frameworks */ = {
			isa = PBXFrameworksBuildPhase;
			buildActionMask = 2147483647;
			files = (
			);
			runOnlyForDeploymentPostprocessing = 0;
		};
		3C4E32AE27A971BA00505AFD /* Frameworks */ = {
			isa = PBXFrameworksBuildPhase;
			buildActionMask = 2147483647;
			files = (
			);
			runOnlyForDeploymentPostprocessing = 0;
		};
/* End PBXFrameworksBuildPhase section */

/* Begin PBXGroup section */
		3C4E328C27A971B100505AFD = {
			isa = PBXGroup;
			children = (
				3C4E329727A971B100505AFD /* Landmarks */,
				3C4E32A927A971BA00505AFD /* LandmarksTests */,
				3C4E32B427A971BA00505AFD /* LandmarksUITests */,
				3C4E329627A971B100505AFD /* Products */,
			);
			sourceTree = "<group>";
		};
		3C4E329627A971B100505AFD /* Products */ = {
			isa = PBXGroup;
			children = (
				3C4E329527A971B100505AFD /* Landmarks.app */,
				3C4E32A627A971BA00505AFD /* LandmarksTests.xctest */,
				3C4E32B127A971BA00505AFD /* LandmarksUITests.xctest */,
			);
			name = Products;
			sourceTree = "<group>";
		};
		3C4E329727A971B100505AFD /* Landmarks */ = {
			isa = PBXGroup;
			children = (
				3CBA6F0427AD460F00FC228A /* Views */,
				3CBA6F0927AD465C00FC228A /* Resources */,
				3CBA6EF527AD42EF00FC228A /* landmarkData.json */,
				3C4E329827A971B100505AFD /* LandmarksApp.swift */,
				3CBA6F0527AD464500FC228A /* Model */,
				3C4E329C27A971BA00505AFD /* Assets.xcassets */,
				3C4E32A127A971BA00505AFD /* Info.plist */,
				3C4E329E27A971BA00505AFD /* Preview Content */,
			);
			path = Landmarks;
			sourceTree = "<group>";
		};
		3C4E329E27A971BA00505AFD /* Preview Content */ = {
			isa = PBXGroup;
			children = (
				3C4E329F27A971BA00505AFD /* Preview Assets.xcassets */,
			);
			path = "Preview Content";
			sourceTree = "<group>";
		};
		3C4E32A927A971BA00505AFD /* LandmarksTests */ = {
			isa = PBXGroup;
			children = (
				3C4E32AA27A971BA00505AFD /* LandmarksTests.swift */,
				3C4E32AC27A971BA00505AFD /* Info.plist */,
			);
			path = LandmarksTests;
			sourceTree = "<group>";
		};
		3C4E32B427A971BA00505AFD /* LandmarksUITests */ = {
			isa = PBXGroup;
			children = (
				3C4E32B527A971BA00505AFD /* LandmarksUITests.swift */,
				3C4E32B727A971BA00505AFD /* Info.plist */,
			);
			path = LandmarksUITests;
			sourceTree = "<group>";
		};
		3CAE13D927B13B03000DD84D /* Helpers */ = {
			isa = PBXGroup;
			children = (
				3C4E32CE27AC04AF00505AFD /* CircleImage.swift */,
				3C4E32D327AC077F00505AFD /* MapView.swift */,
				3CAE13D427B13925000DD84D /* FavoriteButton.swift */,
			);
			path = Helpers;
			sourceTree = "<group>";
		};
		3CB74EAD27B281CB009E3B98 /* Categories */ = {
			isa = PBXGroup;
			children = (
				3CB74EAE27B281EB009E3B98 /* CategoryHome.swift */,
				3CB74EB327B28624009E3B98 /* CategoryRow.swift */,
				3CB74EB827B286D3009E3B98 /* CategoryItem.swift */,
			);
			path = Categories;
			sourceTree = "<group>";
		};
		3CBA6F0427AD460F00FC228A /* Views */ = {
			isa = PBXGroup;
			children = (
				3CB74EAD27B281CB009E3B98 /* Categories */,
				3C4E329A27A971B100505AFD /* ContentView.swift */,
				3CAE13D927B13B03000DD84D /* Helpers */,
				3CBA6F1627AD50D800FC228A /* LandmarkRow.swift */,
				3CBA6F2527AD658600FC228A /* LandmarkList.swift */,
				3CBA6F2A27AD669900FC228A /* LandmarkDetail.swift */,
			);
			path = Views;
			sourceTree = "<group>";
		};
		3CBA6F0527AD464500FC228A /* Model */ = {
			isa = PBXGroup;
			children = (
				3CBA6F1C27AD64D000FC228A /* Landmark.swift */,
				3CBA6F1B27AD64D000FC228A /* ModelData.swift */,
			);
			path = Model;
			sourceTree = "<group>";
		};
		3CBA6F0927AD465C00FC228A /* Resources */ = {
			isa = PBXGroup;
			children = (
				3CBA6F0A27AD465C00FC228A /* landmarkData.json */,
			);
			path = Resources;
			sourceTree = "<group>";
		};
/* End PBXGroup section */

/* Begin PBXNativeTarget section */
		3C4E329427A971B100505AFD /* Landmarks */ = {
			isa = PBXNativeTarget;
			buildConfigurationList = 3C4E32BA27A971BA00505AFD /* Build configuration list for PBXNativeTarget "Landmarks" */;
			buildPhases = (
				3C4E329127A971B100505AFD /* Sources */,
				3C4E329227A971B100505AFD /* Frameworks */,
				3C4E329327A971B100505AFD /* Resources */,
			);
			buildRules = (
			);
			dependencies = (
			);
			name = Landmarks;
			productName = Landmarks;
			productReference = 3C4E329527A971B100505AFD /* Landmarks.app */;
			productType = "com.apple.product-type.application";
		};
		3C4E32A527A971BA00505AFD /* LandmarksTests */ = {
			isa = PBXNativeTarget;
			buildConfigurationList = 3C4E32BD27A971BA00505AFD /* Build configuration list for PBXNativeTarget "LandmarksTests" */;
			buildPhases = (
				3C4E32A227A971BA00505AFD /* Sources */,
				3C4E32A327A971BA00505AFD /* Frameworks */,
				3C4E32A427A971BA00505AFD /* Resources */,
			);
			buildRules = (
			);
			dependencies = (
				3C4E32A827A971BA00505AFD /* PBXTargetDependency */,
			);
			name = LandmarksTests;
			productName = LandmarksTests;
			productReference = 3C4E32A627A971BA00505AFD /* LandmarksTests.xctest */;
			productType = "com.apple.product-type.bundle.unit-test";
		};
		3C4E32B027A971BA00505AFD /* LandmarksUITests */ = {
			isa = PBXNativeTarget;
			buildConfigurationList = 3C4E32C027A971BA00505AFD /* Build configuration list for PBXNativeTarget "LandmarksUITests" */;
			buildPhases = (
				3C4E32AD27A971BA00505AFD /* Sources */,
				3C4E32AE27A971BA00505AFD /* Frameworks */,
				3C4E32AF27A971BA00505AFD /* Resources */,
			);
			buildRules = (
			);
			dependencies = (
				3C4E32B327A971BA00505AFD /* PBXTargetDependency */,
			);
			name = LandmarksUITests;
			productName = LandmarksUITests;
			productReference = 3C4E32B127A971BA00505AFD /* LandmarksUITests.xctest */;
			productType = "com.apple.product-type.bundle.ui-testing";
		};
/* End PBXNativeTarget section */

/* Begin PBXProject section */
		3C4E328D27A971B100505AFD /* Project object */ = {
			isa = PBXProject;
			attributes = {
				LastSwiftUpdateCheck = 1240;
				LastUpgradeCheck = 1240;
				TargetAttributes = {
					3C4E329427A971B100505AFD = {
						CreatedOnToolsVersion = 12.4;
					};
					3C4E32A527A971BA00505AFD = {
						CreatedOnToolsVersion = 12.4;
						TestTargetID = 3C4E329427A971B100505AFD;
					};
					3C4E32B027A971BA00505AFD = {
						CreatedOnToolsVersion = 12.4;
						TestTargetID = 3C4E329427A971B100505AFD;
					};
				};
			};
			buildConfigurationList = 3C4E329027A971B100505AFD /* Build configuration list for PBXProject "Landmarks" */;
			compatibilityVersion = "Xcode 9.3";
			developmentRegion = en;
			hasScannedForEncodings = 0;
			knownRegions = (
				en,
				Base,
			);
			mainGroup = 3C4E328C27A971B100505AFD;
			productRefGroup = 3C4E329627A971B100505AFD /* Products */;
			projectDirPath = "";
			projectRoot = "";
			targets = (
				3C4E329427A971B100505AFD /* Landmarks */,
				3C4E32A527A971BA00505AFD /* LandmarksTests */,
				3C4E32B027A971BA00505AFD /* LandmarksUITests */,
			);
		};
/* End PBXProject section */

/* Begin PBXResourcesBuildPhase section */
		3C4E329327A971B100505AFD /* Resources */ = {
			isa = PBXResourcesBuildPhase;
			buildActionMask = 2147483647;
			files = (
				3C4E32A027A971BA00505AFD /* Preview Assets.xcassets in Resources */,
				3C4E329D27A971BA00505AFD /* Assets.xcassets in Resources */,
				3CBA6EF627AD42EF00FC228A /* landmarkData.json in Resources */,
			);
			runOnlyForDeploymentPostprocessing = 0;
		};
		3C4E32A427A971BA00505AFD /* Resources */ = {
			isa = PBXResourcesBuildPhase;
			buildActionMask = 2147483647;
			files = (
			);
			runOnlyForDeploymentPostprocessing = 0;
		};
		3C4E32AF27A971BA00505AFD /* Resources */ = {
			isa = PBXResourcesBuildPhase;
			buildActionMask = 2147483647;
			files = (
			);
			runOnlyForDeploymentPostprocessing = 0;
		};
/* End PBXResourcesBuildPhase section */

/* Begin PBXSourcesBuildPhase section */
		3C4E329127A971B100505AFD /* Sources */ = {
			isa = PBXSourcesBuildPhase;
			buildActionMask = 2147483647;
			files = (
				3C4E329B27A971B100505AFD /* ContentView.swift in Sources */,
				3C4E32D427AC077F00505AFD /* MapView.swift in Sources */,
				3C4E329927A971B100505AFD /* LandmarksApp.swift in Sources */,
				3CAE13D527B13925000DD84D /* FavoriteButton.swift in Sources */,
				3CB74EAF27B281EB009E3B98 /* CategoryHome.swift in Sources */,
				3CBA6F2627AD658600FC228A /* LandmarkList.swift in Sources */,
				3CBA6F2B27AD669900FC228A /* LandmarkDetail.swift in Sources */,
				3C4E32CF27AC04AF00505AFD /* CircleImage.swift in Sources */,
				3CB74EB927B286D3009E3B98 /* CategoryItem.swift in Sources */,
				3CBA6F1E27AD64D000FC228A /* Landmark.swift in Sources */,
				3CBA6F1D27AD64D000FC228A /* ModelData.swift in Sources */,
				3CB74EB427B28624009E3B98 /* CategoryRow.swift in Sources */,
				3CBA6F1727AD50D800FC228A /* LandmarkRow.swift in Sources */,
			);
			runOnlyForDeploymentPostprocessing = 0;
		};
		3C4E32A227A971BA00505AFD /* Sources */ = {
			isa = PBXSourcesBuildPhase;
			buildActionMask = 2147483647;
			files = (
				3C4E32AB27A971BA00505AFD /* LandmarksTests.swift in Sources */,
			);
			runOnlyForDeploymentPostprocessing = 0;
		};
		3C4E32AD27A971BA00505AFD /* Sources */ = {
			isa = PBXSourcesBuildPhase;
			buildActionMask = 2147483647;
			files = (
				3C4E32B627A971BA00505AFD /* LandmarksUITests.swift in Sources */,
			);
			runOnlyForDeploymentPostprocessing = 0;
		};
/* End PBXSourcesBuildPhase section */

/* Begin PBXTargetDependency section */
		3C4E32A827A971BA00505AFD /* PBXTargetDependency */ = {
			isa = PBXTargetDependency;
			target = 3C4E329427A971B100505AFD /* Landmarks */;
			targetProxy = 3C4E32A727A971BA00505AFD /* PBXContainerItemProxy */;
		};
		3C4E32B327A971BA00505AFD /* PBXTargetDependency */ = {
			isa = PBXTargetDependency;
			target = 3C4E329427A971B100505AFD /* Landmarks */;
			targetProxy = 3C4E32B227A971BA00505AFD /* PBXContainerItemProxy */;
		};
/* End PBXTargetDependency section */

/* Begin XCBuildConfiguration section */
		3C4E32B827A971BA00505AFD /* Debug */ = {
			isa = XCBuildConfiguration;
			buildSettings = {
				ALWAYS_SEARCH_USER_PATHS = NO;
				CLANG_ANALYZER_NONNULL = YES;
				CLANG_ANALYZER_NUMBER_OBJECT_CONVERSION = YES_AGGRESSIVE;
				CLANG_CXX_LANGUAGE_STANDARD = "gnu++14";
				CLANG_CXX_LIBRARY = "libc++";
				CLANG_ENABLE_MODULES = YES;
				CLANG_ENABLE_OBJC_ARC = YES;
				CLANG_ENABLE_OBJC_WEAK = YES;
				CLANG_WARN_BLOCK_CAPTURE_AUTORELEASING = YES;
				CLANG_WARN_BOOL_CONVERSION = YES;
				CLANG_WARN_COMMA = YES;
				CLANG_WARN_CONSTANT_CONVERSION = YES;
				CLANG_WARN_DEPRECATED_OBJC_IMPLEMENTATIONS = YES;
				CLANG_WARN_DIRECT_OBJC_ISA_USAGE = YES_ERROR;
				CLANG_WARN_DOCUMENTATION_COMMENTS = YES;
				CLANG_WARN_EMPTY_BODY = YES;
				CLANG_WARN_ENUM_CONVERSION = YES;
				CLANG_WARN_INFINITE_RECURSION = YES;
				CLANG_WARN_INT_CONVERSION = YES;
				CLANG_WARN_NON_LITERAL_NULL_CONVERSION = YES;
				CLANG_WARN_OBJC_IMPLICIT_RETAIN_SELF = YES;
				CLANG_WARN_OBJC_LITERAL_CONVERSION = YES;
				CLANG_WARN_OBJC_ROOT_CLASS = YES_ERROR;
				CLANG_WARN_QUOTED_INCLUDE_IN_FRAMEWORK_HEADER = YES;
				CLANG_WARN_RANGE_LOOP_ANALYSIS = YES;
				CLANG_WARN_STRICT_PROTOTYPES = YES;
				CLANG_WARN_SUSPICIOUS_MOVE = YES;
				CLANG_WARN_UNGUARDED_AVAILABILITY = YES_AGGRESSIVE;
				CLANG_WARN_UNREACHABLE_CODE = YES;
				CLANG_WARN__DUPLICATE_METHOD_MATCH = YES;
				COPY_PHASE_STRIP = NO;
				DEBUG_INFORMATION_FORMAT = dwarf;
				ENABLE_STRICT_OBJC_MSGSEND = YES;
				ENABLE_TESTABILITY = YES;
				GCC_C_LANGUAGE_STANDARD = gnu11;
				GCC_DYNAMIC_NO_PIC = NO;
				GCC_NO_COMMON_BLOCKS = YES;
				GCC_OPTIMIZATION_LEVEL = 0;
				GCC_PREPROCESSOR_DEFINITIONS = (
					"DEBUG=1",
					"$(inherited)",
				);
				GCC_WARN_64_TO_32_BIT_CONVERSION = YES;
				GCC_WARN_ABOUT_RETURN_TYPE = YES_ERROR;
				GCC_WARN_UNDECLARED_SELECTOR = YES;
				GCC_WARN_UNINITIALIZED_AUTOS = YES_AGGRESSIVE;
				GCC_WARN_UNUSED_FUNCTION = YES;
				GCC_WARN_UNUSED_VARIABLE = YES;
				IPHONEOS_DEPLOYMENT_TARGET = 14.4;
				MTL_ENABLE_DEBUG_INFO = INCLUDE_SOURCE;
				MTL_FAST_MATH = YES;
				ONLY_ACTIVE_ARCH = YES;
				SDKROOT = iphoneos;
				SWIFT_ACTIVE_COMPILATION_CONDITIONS = DEBUG;
				SWIFT_OPTIMIZATION_LEVEL = "-Onone";
			};
			name = Debug;
		};
		3C4E32B927A971BA00505AFD /* Release */ = {
			isa = XCBuildConfiguration;
			buildSettings = {
				ALWAYS_SEARCH_USER_PATHS = NO;
				CLANG_ANALYZER_NONNULL = YES;
				CLANG_ANALYZER_NUMBER_OBJECT_CONVERSION = YES_AGGRESSIVE;
				CLANG_CXX_LANGUAGE_STANDARD = "gnu++14";
				CLANG_CXX_LIBRARY = "libc++";
				CLANG_ENABLE_MODULES = YES;
				CLANG_ENABLE_OBJC_ARC = YES;
				CLANG_ENABLE_OBJC_WEAK = YES;
				CLANG_WARN_BLOCK_CAPTURE_AUTORELEASING = YES;
				CLANG_WARN_BOOL_CONVERSION = YES;
				CLANG_WARN_COMMA = YES;
				CLANG_WARN_CONSTANT_CONVERSION = YES;
				CLANG_WARN_DEPRECATED_OBJC_IMPLEMENTATIONS = YES;
				CLANG_WARN_DIRECT_OBJC_ISA_USAGE = YES_ERROR;
				CLANG_WARN_DOCUMENTATION_COMMENTS = YES;
				CLANG_WARN_EMPTY_BODY = YES;
				CLANG_WARN_ENUM_CONVERSION = YES;
				CLANG_WARN_INFINITE_RECURSION = YES;
				CLANG_WARN_INT_CONVERSION = YES;
				CLANG_WARN_NON_LITERAL_NULL_CONVERSION = YES;
				CLANG_WARN_OBJC_IMPLICIT_RETAIN_SELF = YES;
				CLANG_WARN_OBJC_LITERAL_CONVERSION = YES;
				CLANG_WARN_OBJC_ROOT_CLASS = YES_ERROR;
				CLANG_WARN_QUOTED_INCLUDE_IN_FRAMEWORK_HEADER = YES;
				CLANG_WARN_RANGE_LOOP_ANALYSIS = YES;
				CLANG_WARN_STRICT_PROTOTYPES = YES;
				CLANG_WARN_SUSPICIOUS_MOVE = YES;
				CLANG_WARN_UNGUARDED_AVAILABILITY = YES_AGGRESSIVE;
				CLANG_WARN_UNREACHABLE_CODE = YES;
				CLANG_WARN__DUPLICATE_METHOD_MATCH = YES;
				COPY_PHASE_STRIP = NO;
				DEBUG_INFORMATION_FORMAT = "dwarf-with-dsym";
				ENABLE_NS_ASSERTIONS = NO;
				ENABLE_STRICT_OBJC_MSGSEND = YES;
				GCC_C_LANGUAGE_STANDARD = gnu11;
				GCC_NO_COMMON_BLOCKS = YES;
				GCC_WARN_64_TO_32_BIT_CONVERSION = YES;
				GCC_WARN_ABOUT_RETURN_TYPE = YES_ERROR;
				GCC_WARN_UNDECLARED_SELECTOR = YES;
				GCC_WARN_UNINITIALIZED_AUTOS = YES_AGGRESSIVE;
				GCC_WARN_UNUSED_FUNCTION = YES;
				GCC_WARN_UNUSED_VARIABLE = YES;
				IPHONEOS_DEPLOYMENT_TARGET = 14.4;
				MTL_ENABLE_DEBUG_INFO = NO;
				MTL_FAST_MATH = YES;
				SDKROOT = iphoneos;
				SWIFT_COMPILATION_MODE = wholemodule;
				SWIFT_OPTIMIZATION_LEVEL = "-O";
				VALIDATE_PRODUCT = YES;
			};
			name = Release;
		};
		3C4E32BB27A971BA00505AFD /* Debug */ = {
			isa = XCBuildConfiguration;
			buildSettings = {
				ASSETCATALOG_COMPILER_APPICON_NAME = AppIcon;
				ASSETCATALOG_COMPILER_GLOBAL_ACCENT_COLOR_NAME = AccentColor;
				CODE_SIGN_STYLE = Automatic;
				DEVELOPMENT_ASSET_PATHS = "\"Landmarks/Preview Content\"";
				DEVELOPMENT_TEAM = 77QQ2932XH;
				ENABLE_PREVIEWS = YES;
				INFOPLIST_FILE = Landmarks/Info.plist;
				IPHONEOS_DEPLOYMENT_TARGET = 14.0;
				LD_RUNPATH_SEARCH_PATHS = (
					"$(inherited)",
					"@executable_path/Frameworks",
				);
				PRODUCT_BUNDLE_IDENTIFIER = adam.greenan.Landmarks;
				PRODUCT_NAME = "$(TARGET_NAME)";
				SWIFT_VERSION = 5.0;
				TARGETED_DEVICE_FAMILY = "1,2";
			};
			name = Debug;
		};
		3C4E32BC27A971BA00505AFD /* Release */ = {
			isa = XCBuildConfiguration;
			buildSettings = {
				ASSETCATALOG_COMPILER_APPICON_NAME = AppIcon;
				ASSETCATALOG_COMPILER_GLOBAL_ACCENT_COLOR_NAME = AccentColor;
				CODE_SIGN_STYLE = Automatic;
				DEVELOPMENT_ASSET_PATHS = "\"Landmarks/Preview Content\"";
				DEVELOPMENT_TEAM = 77QQ2932XH;
				ENABLE_PREVIEWS = YES;
				INFOPLIST_FILE = Landmarks/Info.plist;
				IPHONEOS_DEPLOYMENT_TARGET = 14.0;
				LD_RUNPATH_SEARCH_PATHS = (
					"$(inherited)",
					"@executable_path/Frameworks",
				);
				PRODUCT_BUNDLE_IDENTIFIER = adam.greenan.Landmarks;
				PRODUCT_NAME = "$(TARGET_NAME)";
				SWIFT_VERSION = 5.0;
				TARGETED_DEVICE_FAMILY = "1,2";
			};
			name = Release;
		};
		3C4E32BE27A971BA00505AFD /* Debug */ = {
			isa = XCBuildConfiguration;
			buildSettings = {
				ALWAYS_EMBED_SWIFT_STANDARD_LIBRARIES = YES;
				BUNDLE_LOADER = "$(TEST_HOST)";
				CODE_SIGN_STYLE = Automatic;
				DEVELOPMENT_TEAM = 77QQ2932XH;
				INFOPLIST_FILE = LandmarksTests/Info.plist;
				IPHONEOS_DEPLOYMENT_TARGET = 14.0;
				LD_RUNPATH_SEARCH_PATHS = (
					"$(inherited)",
					"@executable_path/Frameworks",
					"@loader_path/Frameworks",
				);
				PRODUCT_BUNDLE_IDENTIFIER = adam.greenan.LandmarksTests;
				PRODUCT_NAME = "$(TARGET_NAME)";
				SWIFT_VERSION = 5.0;
				TARGETED_DEVICE_FAMILY = "1,2";
				TEST_HOST = "$(BUILT_PRODUCTS_DIR)/Landmarks.app/Landmarks";
			};
			name = Debug;
		};
		3C4E32BF27A971BA00505AFD /* Release */ = {
			isa = XCBuildConfiguration;
			buildSettings = {
				ALWAYS_EMBED_SWIFT_STANDARD_LIBRARIES = YES;
				BUNDLE_LOADER = "$(TEST_HOST)";
				CODE_SIGN_STYLE = Automatic;
				DEVELOPMENT_TEAM = 77QQ2932XH;
				INFOPLIST_FILE = LandmarksTests/Info.plist;
				IPHONEOS_DEPLOYMENT_TARGET = 14.0;
				LD_RUNPATH_SEARCH_PATHS = (
					"$(inherited)",
					"@executable_path/Frameworks",
					"@loader_path/Frameworks",
				);
				PRODUCT_BUNDLE_IDENTIFIER = adam.greenan.LandmarksTests;
				PRODUCT_NAME = "$(TARGET_NAME)";
				SWIFT_VERSION = 5.0;
				TARGETED_DEVICE_FAMILY = "1,2";
				TEST_HOST = "$(BUILT_PRODUCTS_DIR)/Landmarks.app/Landmarks";
			};
			name = Release;
		};
		3C4E32C127A971BA00505AFD /* Debug */ = {
			isa = XCBuildConfiguration;
			buildSettings = {
				ALWAYS_EMBED_SWIFT_STANDARD_LIBRARIES = YES;
				CODE_SIGN_STYLE = Automatic;
				DEVELOPMENT_TEAM = 77QQ2932XH;
				INFOPLIST_FILE = LandmarksUITests/Info.plist;
				LD_RUNPATH_SEARCH_PATHS = (
					"$(inherited)",
					"@executable_path/Frameworks",
					"@loader_path/Frameworks",
				);
				PRODUCT_BUNDLE_IDENTIFIER = adam.greenan.LandmarksUITests;
				PRODUCT_NAME = "$(TARGET_NAME)";
				SWIFT_VERSION = 5.0;
				TARGETED_DEVICE_FAMILY = "1,2";
				TEST_TARGET_NAME = Landmarks;
			};
			name = Debug;
		};
		3C4E32C227A971BA00505AFD /* Release */ = {
			isa = XCBuildConfiguration;
			buildSettings = {
				ALWAYS_EMBED_SWIFT_STANDARD_LIBRARIES = YES;
				CODE_SIGN_STYLE = Automatic;
				DEVELOPMENT_TEAM = 77QQ2932XH;
				INFOPLIST_FILE = LandmarksUITests/Info.plist;
				LD_RUNPATH_SEARCH_PATHS = (
					"$(inherited)",
					"@executable_path/Frameworks",
					"@loader_path/Frameworks",
				);
				PRODUCT_BUNDLE_IDENTIFIER = adam.greenan.LandmarksUITests;
				PRODUCT_NAME = "$(TARGET_NAME)";
				SWIFT_VERSION = 5.0;
				TARGETED_DEVICE_FAMILY = "1,2";
				TEST_TARGET_NAME = Landmarks;
			};
			name = Release;
		};
/* End XCBuildConfiguration section */

/* Begin XCConfigurationList section */
		3C4E329027A971B100505AFD /* Build configuration list for PBXProject "Landmarks" */ = {
			isa = XCConfigurationList;
			buildConfigurations = (
				3C4E32B827A971BA00505AFD /* Debug */,
				3C4E32B927A971BA00505AFD /* Release */,
			);
			defaultConfigurationIsVisible = 0;
			defaultConfigurationName = Release;
		};
		3C4E32BA27A971BA00505AFD /* Build configuration list for PBXNativeTarget "Landmarks" */ = {
			isa = XCConfigurationList;
			buildConfigurations = (
				3C4E32BB27A971BA00505AFD /* Debug */,
				3C4E32BC27A971BA00505AFD /* Release */,
			);
			defaultConfigurationIsVisible = 0;
			defaultConfigurationName = Release;
		};
		3C4E32BD27A971BA00505AFD /* Build configuration list for PBXNativeTarget "LandmarksTests" */ = {
			isa = XCConfigurationList;
			buildConfigurations = (
				3C4E32BE27A971BA00505AFD /* Debug */,
				3C4E32BF27A971BA00505AFD /* Release */,
			);
			defaultConfigurationIsVisible = 0;
			defaultConfigurationName = Release;
		};
		3C4E32C027A971BA00505AFD /* Build configuration list for PBXNativeTarget "LandmarksUITests" */ = {
			isa = XCConfigurationList;
			buildConfigurations = (
				3C4E32C127A971BA00505AFD /* Debug */,
				3C4E32C227A971BA00505AFD /* Release */,
			);
			defaultConfigurationIsVisible = 0;
			defaultConfigurationName = Release;
		};
/* End XCConfigurationList section */
	};
	rootObject = 3C4E328D27A971B100505AFD /* Project object */;
}
